
Microsoft Visual Studio Solution File, Format Version 12.00
# Visual Studio Version 17
VisualStudioVersion = 17.5.33530.505
MinimumVisualStudioVersion = 10.0.40219.1
Project("{FAE04EC0-301F-11D3-BF4B-00C04F79EFBC}") = "1_ChalangeApp", "1_ChalangeApp\1_ChalangeApp.csproj", "{E0D7B76D-83C8-4F1D-A8BD-BE77DECE34F7}"
EndProject
Global
	GlobalSection(SolutionConfigurationPlatforms) = preSolution
		Debug|Any CPU = Debug|Any CPU
		Release|Any CPU = Release|Any CPU
	EndGlobalSection
	GlobalSection(ProjectConfigurationPlatforms) = postSolution
		{E0D7B76D-83C8-4F1D-A8BD-BE77DECE34F7}.Debug|Any CPU.ActiveCfg = Debug|Any CPU
		{E0D7B76D-83C8-4F1D-A8BD-BE77DECE34F7}.Debug|Any CPU.Build.0 = Debug|Any CPU
		{E0D7B76D-83C8-4F1D-A8BD-BE77DECE34F7}.Release|Any CPU.ActiveCfg = Release|Any CPU
		{E0D7B76D-83C8-4F1D-A8BD-BE77DECE34F7}.Release|Any CPU.Build.0 = Release|Any CPU
	EndGlobalSection
	GlobalSection(SolutionProperties) = preSolution
		HideSolutionNode = FALSE
	EndGlobalSection
	GlobalSection(ExtensibilityGlobals) = postSolution
		SolutionGuid = {DB044780-6866-45B4-9F66-99D536FD0830}
	EndGlobalSection
EndGlobal
